
Microsoft Visual Studio Solution File, Format Version 12.00
# Visual Studio 15
VisualStudioVersion = 15.0.28010.2019
MinimumVisualStudioVersion = 10.0.40219.1
Project("{FAE04EC0-301F-11D3-BF4B-00C04F79EFBC}") = "Trafikverket.Tests", "Trafikverket.Tests\Trafikverket.Tests.csproj", "{776D59EA-E570-4660-831B-21BBEBAF95A8}"
EndProject
Project("{FAE04EC0-301F-11D3-BF4B-00C04F79EFBC}") = "Trafikverket", "Trafikverket\Trafikverket.csproj", "{733087BB-0EB5-48E6-B6E5-4E1386AA4320}"
EndProject
Global
	GlobalSection(SolutionConfigurationPlatforms) = preSolution
		Debug|Any CPU = Debug|Any CPU
		Release|Any CPU = Release|Any CPU
	EndGlobalSection
	GlobalSection(ProjectConfigurationPlatforms) = postSolution
		{776D59EA-E570-4660-831B-21BBEBAF95A8}.Debug|Any CPU.ActiveCfg = Debug|Any CPU
		{776D59EA-E570-4660-831B-21BBEBAF95A8}.Debug|Any CPU.Build.0 = Debug|Any CPU
		{776D59EA-E570-4660-831B-21BBEBAF95A8}.Release|Any CPU.ActiveCfg = Release|Any CPU
		{776D59EA-E570-4660-831B-21BBEBAF95A8}.Release|Any CPU.Build.0 = Release|Any CPU
		{733087BB-0EB5-48E6-B6E5-4E1386AA4320}.Debug|Any CPU.ActiveCfg = Debug|Any CPU
		{733087BB-0EB5-48E6-B6E5-4E1386AA4320}.Debug|Any CPU.Build.0 = Debug|Any CPU
		{733087BB-0EB5-48E6-B6E5-4E1386AA4320}.Release|Any CPU.ActiveCfg = Release|Any CPU
		{733087BB-0EB5-48E6-B6E5-4E1386AA4320}.Release|Any CPU.Build.0 = Release|Any CPU
	EndGlobalSection
	GlobalSection(SolutionProperties) = preSolution
		HideSolutionNode = FALSE
	EndGlobalSection
	GlobalSection(ExtensibilityGlobals) = postSolution
		SolutionGuid = {A128A8F2-386C-40B0-8072-8EA0B4DFE187}
	EndGlobalSection
EndGlobal
